{
  "name": "wallpaper-changer",
  "version": "1.0.0",
  "lockfileVersion": 2,
  "requires": true,
  "packages": {
    "": {
      "name": "wallpaper-changer",
      "version": "1.0.0",
      "license": "ISC",
      "dependencies": {
        "cron": "^2.2.0",
        "dotenv": "^16.0.3",
        "image-downloader": "^4.3.0",
        "serpapi": "^1.1.1",
        "wallpaper": "^6.1.1"
      }
    },
    "node_modules/busboy": {
      "version": "1.6.0",
      "resolved": "https://registry.npmjs.org/busboy/-/busboy-1.6.0.tgz",
      "integrity": "sha512-8SFQbg/0hQ9xy3UNTB0YEnsNBbWfhf7RtnzpL7TkBiTBRfrQ9Fxcnz7VJsleJpyp6rVLvXiuORqjlHi5q+PYuA==",
      "dependencies": {
        "streamsearch": "^1.1.0"
      },
      "engines": {
        "node": ">=10.16.0"
      }
    },
    "node_modules/cron": {
      "version": "2.2.0",
      "resolved": "https://registry.npmjs.org/cron/-/cron-2.2.0.tgz",
      "integrity": "sha512-GPiI3OgMv83XRtEUc2gUdaLvJhO3XbLN288layOBkDTupg0RK5IECNGpkykIMHg+muVR2bxt29b0xvCAcBrjYQ==",
      "dependencies": {
        "luxon": "^3.2.1"
      }
    },
    "node_modules/dotenv": {
      "version": "16.0.3",
      "resolved": "https://registry.npmjs.org/dotenv/-/dotenv-16.0.3.tgz",
      "integrity": "sha512-7GO6HghkA5fYG9TYnNxi14/7K9f5occMlp3zXAuSxn7CKCxt9xbNWG7yF8hTCSUchlfWSe3uLmlPfigevRItzQ==",
      "engines": {
        "node": ">=12"
      }
    },
    "node_modules/follow-redirects": {
      "version": "1.15.2",
      "resolved": "https://registry.npmjs.org/follow-redirects/-/follow-redirects-1.15.2.tgz",
      "integrity": "sha512-VQLG33o04KaQ8uYi2tVNbdrWp1QWxNNea+nmIB4EVM28v0hmP17z7aG1+wAkNzVq4KeXTq3221ye5qTJP91JwA==",
      "funding": [
        {
          "type": "individual",
          "url": "https://github.com/sponsors/RubenVerborgh"
        }
      ],
      "engines": {
        "node": ">=4.0"
      },
      "peerDependenciesMeta": {
        "debug": {
          "optional": true
        }
      }
    },
    "node_modules/image-downloader": {
      "version": "4.3.0",
      "resolved": "https://registry.npmjs.org/image-downloader/-/image-downloader-4.3.0.tgz",
      "integrity": "sha512-UBioN0E+8zu8N0lLC6wkZmPA/MA1A3yx9B1whjy5O/YiOV9XrSxLLKi7JqLLj6knQ3n9N1OBoHFS7shp8sehBQ==",
      "dependencies": {
        "follow-redirects": "^1.15.0"
      },
      "engines": {
        "node": ">=6.10.1"
      }
    },
    "node_modules/luxon": {
      "version": "3.2.1",
      "resolved": "https://registry.npmjs.org/luxon/-/luxon-3.2.1.tgz",
      "integrity": "sha512-QrwPArQCNLAKGO/C+ZIilgIuDnEnKx5QYODdDtbFaxzsbZcc/a7WFq7MhsVYgRlwawLtvOUESTlfJ+hc/USqPg==",
      "engines": {
        "node": ">=12"
      }
    },
    "node_modules/serpapi": {
      "version": "1.1.1",
      "resolved": "https://registry.npmjs.org/serpapi/-/serpapi-1.1.1.tgz",
      "integrity": "sha512-t5Bqu/6VMJ9naX8K+qCgUStpZOaNQFvIM4AudhMJLS6sqQT/EHaYrhGidDZHVx8QvcEdY6y1wNlxizOCtvJtUQ==",
      "dependencies": {
        "undici": "^5.12.0"
      }
    },
    "node_modules/streamsearch": {
      "version": "1.1.0",
      "resolved": "https://registry.npmjs.org/streamsearch/-/streamsearch-1.1.0.tgz",
      "integrity": "sha512-Mcc5wHehp9aXz1ax6bZUyY5afg9u2rv5cqQI3mRrYkGC8rW2hM02jWuwjtL++LS5qinSyhj2QfLyNsuc+VsExg==",
      "engines": {
        "node": ">=10.0.0"
      }
    },
    "node_modules/undici": {
      "version": "5.19.1",
      "resolved": "https://registry.npmjs.org/undici/-/undici-5.19.1.tgz",
      "integrity": "sha512-YiZ61LPIgY73E7syxCDxxa3LV2yl3sN8spnIuTct60boiiRaE1J8mNWHO8Im2Zi/sFrPusjLlmRPrsyraSqX6A==",
      "dependencies": {
        "busboy": "^1.6.0"
      },
      "engines": {
        "node": ">=12.18"
      }
    },
    "node_modules/wallpaper": {
      "version": "6.1.1",
      "resolved": "https://registry.npmjs.org/wallpaper/-/wallpaper-6.1.1.tgz",
      "integrity": "sha512-CWvtaanpICvFOhqr0xlAnAgxHNROK3yGN/vaSnLUyTJmmJ5ipfJpByn1yqCNV22ZNQfXULi1xS/+W9riRMXMjQ==",
      "engines": {
        "node": "^12.20.0 || ^14.13.1 || >=16.0.0"
      }
    }
  },
  "dependencies": {
    "busboy": {
      "version": "1.6.0",
      "resolved": "https://registry.npmjs.org/busboy/-/busboy-1.6.0.tgz",
      "integrity": "sha512-8SFQbg/0hQ9xy3UNTB0YEnsNBbWfhf7RtnzpL7TkBiTBRfrQ9Fxcnz7VJsleJpyp6rVLvXiuORqjlHi5q+PYuA==",
      "requires": {
        "streamsearch": "^1.1.0"
      }
    },
    "cron": {
      "version": "2.2.0",
      "resolved": "https://registry.npmjs.org/cron/-/cron-2.2.0.tgz",
      "integrity": "sha512-GPiI3OgMv83XRtEUc2gUdaLvJhO3XbLN288layOBkDTupg0RK5IECNGpkykIMHg+muVR2bxt29b0xvCAcBrjYQ==",
      "requires": {
        "luxon": "^3.2.1"
      }
    },
    "dotenv": {
      "version": "16.0.3",
      "resolved": "https://registry.npmjs.org/dotenv/-/dotenv-16.0.3.tgz",
      "integrity": "sha512-7GO6HghkA5fYG9TYnNxi14/7K9f5occMlp3zXAuSxn7CKCxt9xbNWG7yF8hTCSUchlfWSe3uLmlPfigevRItzQ=="
    },
    "follow-redirects": {
      "version": "1.15.2",
      "resolved": "https://registry.npmjs.org/follow-redirects/-/follow-redirects-1.15.2.tgz",
      "integrity": "sha512-VQLG33o04KaQ8uYi2tVNbdrWp1QWxNNea+nmIB4EVM28v0hmP17z7aG1+wAkNzVq4KeXTq3221ye5qTJP91JwA=="
    },
    "image-downloader": {
      "version": "4.3.0",
      "resolved": "https://registry.npmjs.org/image-downloader/-/image-downloader-4.3.0.tgz",
      "integrity": "sha512-UBioN0E+8zu8N0lLC6wkZmPA/MA1A3yx9B1whjy5O/YiOV9XrSxLLKi7JqLLj6knQ3n9N1OBoHFS7shp8sehBQ==",
      "requires": {
        "follow-redirects": "^1.15.0"
      }
    },
    "luxon": {
      "version": "3.2.1",
      "resolved": "https://registry.npmjs.org/luxon/-/luxon-3.2.1.tgz",
      "integrity": "sha512-QrwPArQCNLAKGO/C+ZIilgIuDnEnKx5QYODdDtbFaxzsbZcc/a7WFq7MhsVYgRlwawLtvOUESTlfJ+hc/USqPg=="
    },
    "serpapi": {
      "version": "1.1.1",
      "resolved": "https://registry.npmjs.org/serpapi/-/serpapi-1.1.1.tgz",
      "integrity": "sha512-t5Bqu/6VMJ9naX8K+qCgUStpZOaNQFvIM4AudhMJLS6sqQT/EHaYrhGidDZHVx8QvcEdY6y1wNlxizOCtvJtUQ==",
      "requires": {
        "undici": "^5.12.0"
      }
    },
    "streamsearch": {
      "version": "1.1.0",
      "resolved": "https://registry.npmjs.org/streamsearch/-/streamsearch-1.1.0.tgz",
      "integrity": "sha512-Mcc5wHehp9aXz1ax6bZUyY5afg9u2rv5cqQI3mRrYkGC8rW2hM02jWuwjtL++LS5qinSyhj2QfLyNsuc+VsExg=="
    },
    "undici": {
      "version": "5.19.1",
      "resolved": "https://registry.npmjs.org/undici/-/undici-5.19.1.tgz",
      "integrity": "sha512-YiZ61LPIgY73E7syxCDxxa3LV2yl3sN8spnIuTct60boiiRaE1J8mNWHO8Im2Zi/sFrPusjLlmRPrsyraSqX6A==",
      "requires": {
        "busboy": "^1.6.0"
      }
    },
    "wallpaper": {
      "version": "6.1.1",
      "resolved": "https://registry.npmjs.org/wallpaper/-/wallpaper-6.1.1.tgz",
      "integrity": "sha512-CWvtaanpICvFOhqr0xlAnAgxHNROK3yGN/vaSnLUyTJmmJ5ipfJpByn1yqCNV22ZNQfXULi1xS/+W9riRMXMjQ=="
    }
  }
}
